
Microsoft Visual Studio Solution File, Format Version 12.00
# Visual Studio 2012
Project("{FAE04EC0-301F-11D3-BF4B-00C04F79EFBC}") = "MergePDF", "MergePDF\MergePDF.csproj", "{45B8DC39-C188-4559-9B00-83F68BAC197B}"
EndProject
Global
	GlobalSection(SolutionConfigurationPlatforms) = preSolution
		Debug|Any CPU = Debug|Any CPU
		Release|Any CPU = Release|Any CPU
	EndGlobalSection
	GlobalSection(ProjectConfigurationPlatforms) = postSolution
		{45B8DC39-C188-4559-9B00-83F68BAC197B}.Debug|Any CPU.ActiveCfg = Debug|Any CPU
		{45B8DC39-C188-4559-9B00-83F68BAC197B}.Debug|Any CPU.Build.0 = Debug|Any CPU
		{45B8DC39-C188-4559-9B00-83F68BAC197B}.Release|Any CPU.ActiveCfg = Release|Any CPU
		{45B8DC39-C188-4559-9B00-83F68BAC197B}.Release|Any CPU.Build.0 = Release|Any CPU
	EndGlobalSection
	GlobalSection(SolutionProperties) = preSolution
		HideSolutionNode = FALSE
	EndGlobalSection
EndGlobal
